
Microsoft Visual Studio Solution File, Format Version 12.00
# Visual Studio Version 16
VisualStudioVersion = 16.0.30011.22
MinimumVisualStudioVersion = 10.0.40219.1
Project("{F184B08F-C81C-45F6-A57F-5ABD9991F28F}") = "Examen", "Examen\Examen.vbproj", "{DD19D040-9737-4E4D-A06E-33BD06B2A01E}"
EndProject
Global
	GlobalSection(SolutionConfigurationPlatforms) = preSolution
		Debug|Any CPU = Debug|Any CPU
		Release|Any CPU = Release|Any CPU
	EndGlobalSection
	GlobalSection(ProjectConfigurationPlatforms) = postSolution
		{DD19D040-9737-4E4D-A06E-33BD06B2A01E}.Debug|Any CPU.ActiveCfg = Debug|Any CPU
		{DD19D040-9737-4E4D-A06E-33BD06B2A01E}.Debug|Any CPU.Build.0 = Debug|Any CPU
		{DD19D040-9737-4E4D-A06E-33BD06B2A01E}.Release|Any CPU.ActiveCfg = Release|Any CPU
		{DD19D040-9737-4E4D-A06E-33BD06B2A01E}.Release|Any CPU.Build.0 = Release|Any CPU
	EndGlobalSection
	GlobalSection(SolutionProperties) = preSolution
		HideSolutionNode = FALSE
	EndGlobalSection
	GlobalSection(ExtensibilityGlobals) = postSolution
		SolutionGuid = {51CCA73E-8DFE-4D67-9E54-AC476FC99D34}
	EndGlobalSection
EndGlobal
